{
  "name": "blockchain",
  "lockfileVersion": 2,
  "requires": true,
  "packages": {
    "": {
      "dependencies": {
        "@openzeppelin/contracts": "^4.3.2"
      },
      "devDependencies": {
        "openzeppelin-solidity": "^4.3.2"
      }
    },
    "node_modules/@openzeppelin/contracts": {
      "version": "4.3.2",
      "resolved": "https://registry.npmjs.org/@openzeppelin/contracts/-/contracts-4.3.2.tgz",
      "integrity": "sha512-AybF1cesONZStg5kWf6ao9OlqTZuPqddvprc0ky7lrUVOjXeKpmQ2Y9FK+6ygxasb+4aic4O5pneFBfwVsRRRg=="
    },
    "node_modules/openzeppelin-solidity": {
      "version": "4.3.2",
      "resolved": "https://registry.npmjs.org/openzeppelin-solidity/-/openzeppelin-solidity-4.3.2.tgz",
      "integrity": "sha512-k20olEz9A58yq3zwFZgOJoe9vWodKaFsMjajpou1NiqzuxuDfIdaGL3/xLcn/48J0AmvqsxHrcgI3WHq370J+w==",
      "deprecated": "This package is now published as @openzeppelin/contracts. Please change your dependency.",
      "dev": true,
      "bin": {
        "openzeppelin-contracts-migrate-imports": "scripts/migrate-imports.js"
      }
    }
  },
  "dependencies": {
    "@openzeppelin/contracts": {
      "version": "4.3.2",
      "resolved": "https://registry.npmjs.org/@openzeppelin/contracts/-/contracts-4.3.2.tgz",
      "integrity": "sha512-AybF1cesONZStg5kWf6ao9OlqTZuPqddvprc0ky7lrUVOjXeKpmQ2Y9FK+6ygxasb+4aic4O5pneFBfwVsRRRg=="
    },
    "openzeppelin-solidity": {
      "version": "4.3.2",
      "resolved": "https://registry.npmjs.org/openzeppelin-solidity/-/openzeppelin-solidity-4.3.2.tgz",
      "integrity": "sha512-k20olEz9A58yq3zwFZgOJoe9vWodKaFsMjajpou1NiqzuxuDfIdaGL3/xLcn/48J0AmvqsxHrcgI3WHq370J+w==",
      "dev": true
    }
  }
}
